
Microsoft Visual Studio Solution File, Format Version 12.00
# Visual Studio Version 17
VisualStudioVersion = 17.0.31912.275
MinimumVisualStudioVersion = 10.0.40219.1
Project("{FAE04EC0-301F-11D3-BF4B-00C04F79EFBC}") = "Expense_Tracker 2.0", "Expense_Tracker 2.0.csproj", "{752B08CB-BAF6-44D9-9126-6FF9DCE80995}"
EndProject
Global
	GlobalSection(SolutionConfigurationPlatforms) = preSolution
		Debug|Any CPU = Debug|Any CPU
		Release|Any CPU = Release|Any CPU
	EndGlobalSection
	GlobalSection(ProjectConfigurationPlatforms) = postSolution
		{752B08CB-BAF6-44D9-9126-6FF9DCE80995}.Debug|Any CPU.ActiveCfg = Debug|Any CPU
		{752B08CB-BAF6-44D9-9126-6FF9DCE80995}.Debug|Any CPU.Build.0 = Debug|Any CPU
		{752B08CB-BAF6-44D9-9126-6FF9DCE80995}.Release|Any CPU.ActiveCfg = Release|Any CPU
		{752B08CB-BAF6-44D9-9126-6FF9DCE80995}.Release|Any CPU.Build.0 = Release|Any CPU
	EndGlobalSection
	GlobalSection(SolutionProperties) = preSolution
		HideSolutionNode = FALSE
	EndGlobalSection
	GlobalSection(ExtensibilityGlobals) = postSolution
		SolutionGuid = {570D1490-DC15-4951-AB1D-A9FB70131098}
	EndGlobalSection
EndGlobal
